
Microsoft Visual Studio Solution File, Format Version 12.00
# Visual Studio Version 17
VisualStudioVersion = 17.8.34330.188
MinimumVisualStudioVersion = 10.0.40219.1
Project("{2150E333-8FDC-42A3-9474-1A3956D46DE8}") = "Data", "Data", "{A6814B1B-72FF-4303-B2C7-E19B5E3E1106}"
EndProject
Project("{FAE04EC0-301F-11D3-BF4B-00C04F79EFBC}") = "Adanom.Ecommerce.Data", "Adanom.Ecommerce.Data\Adanom.Ecommerce.Data.csproj", "{E500FDC3-FED1-478C-8415-313A46430C04}"
EndProject
Project("{FAE04EC0-301F-11D3-BF4B-00C04F79EFBC}") = "Adanom.Ecommerce.Data.Models", "Adanom.Ecommerce.Data.Models\Adanom.Ecommerce.Data.Models.csproj", "{E3C074A0-B134-4E08-B4DF-8CA17E9BA8BE}"
EndProject
Project("{FAE04EC0-301F-11D3-BF4B-00C04F79EFBC}") = "Adanom.Ecommerce.Shared", "Adanom.Ecommerce.Shared\Adanom.Ecommerce.Shared.csproj", "{A58C98C0-933F-4477-9272-DB6C6D2196BF}"
EndProject
Project("{FAE04EC0-301F-11D3-BF4B-00C04F79EFBC}") = "Adanom.Ecommerce.Commands", "Adanom.Ecommerce.Commands\Adanom.Ecommerce.Commands.csproj", "{B5497A2D-DFEB-4447-BAC7-C8D4943C4912}"
EndProject
Project("{FAE04EC0-301F-11D3-BF4B-00C04F79EFBC}") = "Adanom.Ecommerce.Security", "Adanom.Ecommerce.Security\Adanom.Ecommerce.Security.csproj", "{8B54CF07-7C61-4B71-8E1B-7C7B8784606B}"
EndProject
Project("{2150E333-8FDC-42A3-9474-1A3956D46DE8}") = "Services", "Services", "{B1AFB2CE-E8CF-4B1B-8C1D-F9185D4AF372}"
EndProject
Project("{FAE04EC0-301F-11D3-BF4B-00C04F79EFBC}") = "Adanom.Ecommerce.Services", "Adanom.Ecommerce.Services\Adanom.Ecommerce.Services.csproj", "{3F95616F-F19B-4F6D-93B0-59A6ED09A2ED}"
EndProject
Project("{FAE04EC0-301F-11D3-BF4B-00C04F79EFBC}") = "Adanom.Ecommerce.Services.Azure", "Adanom.Ecommerce.Services.Azure\Adanom.Ecommerce.Services.Azure.csproj", "{9744AD33-6F6C-4E1D-B846-DD484013F6CD}"
EndProject
Project("{FAE04EC0-301F-11D3-BF4B-00C04F79EFBC}") = "Adanom.Ecommerce.Services.Mail", "Adanom.Ecommerce.Services.Mail\Adanom.Ecommerce.Services.Mail.csproj", "{6B9279A4-07FD-432D-B51B-711FF333C96E}"
EndProject
Project("{FAE04EC0-301F-11D3-BF4B-00C04F79EFBC}") = "Adanom.Ecommerce.Site", "Adanom.Ecommerce.Site\Adanom.Ecommerce.Site.csproj", "{D688E45B-C8B3-4E67-A5FC-A0E41EF9C28B}"
EndProject
Project("{FAE04EC0-301F-11D3-BF4B-00C04F79EFBC}") = "Adanom.Ecommerce.Validations", "Adanom.Ecommerce.Validations\Adanom.Ecommerce.Validations.csproj", "{3ED2676B-13E1-4F5D-AC1B-2C910BFB9E76}"
EndProject
Project("{FAE04EC0-301F-11D3-BF4B-00C04F79EFBC}") = "Adanom.Ecommerce.Handlers", "Adanom.Ecommerce.Handlers\Adanom.Ecommerce.Handlers.csproj", "{E5EBF8D9-9811-4AC7-A48F-3E655EC8DB54}"
EndProject
Project("{FAE04EC0-301F-11D3-BF4B-00C04F79EFBC}") = "Adanom.Ecommerce.Scheduler", "Adanom.Ecommerce.Scheduler\Adanom.Ecommerce.Scheduler.csproj", "{B5179082-7922-44A2-8BE8-E1DE345BFD14}"
EndProject
Project("{2150E333-8FDC-42A3-9474-1A3956D46DE8}") = "Graphql", "Graphql", "{80FB0533-42C1-4F38-9316-DD11B668A8A8}"
EndProject
Project("{FAE04EC0-301F-11D3-BF4B-00C04F79EFBC}") = "Adanom.Ecommerce.Graphql", "Adanom.Ecommerce.Graphql\Adanom.Ecommerce.Graphql.csproj", "{688C44C1-43CE-41C2-884E-67957D67593E}"
EndProject
Project("{FAE04EC0-301F-11D3-BF4B-00C04F79EFBC}") = "Adanom.Ecommerce.Graphql.Frontend", "Adanom.Ecommerce.Graphql.Frontend\Adanom.Ecommerce.Graphql.Frontend.csproj", "{048540C6-EA8F-4FBA-88E8-C2363ECF14A9}"
EndProject
Project("{FAE04EC0-301F-11D3-BF4B-00C04F79EFBC}") = "Adanom.Ecommerce.Graphql.Backend", "Adanom.Ecommerce.Graphql.Backend\Adanom.Ecommerce.Graphql.Backend.csproj", "{95D6FB32-56A2-4A05-A4A0-5D56F380D3F7}"
EndProject
Global
	GlobalSection(SolutionConfigurationPlatforms) = preSolution
		Debug|Any CPU = Debug|Any CPU
		Release|Any CPU = Release|Any CPU
	EndGlobalSection
	GlobalSection(ProjectConfigurationPlatforms) = postSolution
		{E500FDC3-FED1-478C-8415-313A46430C04}.Debug|Any CPU.ActiveCfg = Debug|Any CPU
		{E500FDC3-FED1-478C-8415-313A46430C04}.Debug|Any CPU.Build.0 = Debug|Any CPU
		{E500FDC3-FED1-478C-8415-313A46430C04}.Release|Any CPU.ActiveCfg = Release|Any CPU
		{E500FDC3-FED1-478C-8415-313A46430C04}.Release|Any CPU.Build.0 = Release|Any CPU
		{E3C074A0-B134-4E08-B4DF-8CA17E9BA8BE}.Debug|Any CPU.ActiveCfg = Debug|Any CPU
		{E3C074A0-B134-4E08-B4DF-8CA17E9BA8BE}.Debug|Any CPU.Build.0 = Debug|Any CPU
		{E3C074A0-B134-4E08-B4DF-8CA17E9BA8BE}.Release|Any CPU.ActiveCfg = Release|Any CPU
		{E3C074A0-B134-4E08-B4DF-8CA17E9BA8BE}.Release|Any CPU.Build.0 = Release|Any CPU
		{A58C98C0-933F-4477-9272-DB6C6D2196BF}.Debug|Any CPU.ActiveCfg = Debug|Any CPU
		{A58C98C0-933F-4477-9272-DB6C6D2196BF}.Debug|Any CPU.Build.0 = Debug|Any CPU
		{A58C98C0-933F-4477-9272-DB6C6D2196BF}.Release|Any CPU.ActiveCfg = Release|Any CPU
		{A58C98C0-933F-4477-9272-DB6C6D2196BF}.Release|Any CPU.Build.0 = Release|Any CPU
		{B5497A2D-DFEB-4447-BAC7-C8D4943C4912}.Debug|Any CPU.ActiveCfg = Debug|Any CPU
		{B5497A2D-DFEB-4447-BAC7-C8D4943C4912}.Debug|Any CPU.Build.0 = Debug|Any CPU
		{B5497A2D-DFEB-4447-BAC7-C8D4943C4912}.Release|Any CPU.ActiveCfg = Release|Any CPU
		{B5497A2D-DFEB-4447-BAC7-C8D4943C4912}.Release|Any CPU.Build.0 = Release|Any CPU
		{8B54CF07-7C61-4B71-8E1B-7C7B8784606B}.Debug|Any CPU.ActiveCfg = Debug|Any CPU
		{8B54CF07-7C61-4B71-8E1B-7C7B8784606B}.Debug|Any CPU.Build.0 = Debug|Any CPU
		{8B54CF07-7C61-4B71-8E1B-7C7B8784606B}.Release|Any CPU.ActiveCfg = Release|Any CPU
		{8B54CF07-7C61-4B71-8E1B-7C7B8784606B}.Release|Any CPU.Build.0 = Release|Any CPU
		{3F95616F-F19B-4F6D-93B0-59A6ED09A2ED}.Debug|Any CPU.ActiveCfg = Debug|Any CPU
		{3F95616F-F19B-4F6D-93B0-59A6ED09A2ED}.Debug|Any CPU.Build.0 = Debug|Any CPU
		{3F95616F-F19B-4F6D-93B0-59A6ED09A2ED}.Release|Any CPU.ActiveCfg = Release|Any CPU
		{3F95616F-F19B-4F6D-93B0-59A6ED09A2ED}.Release|Any CPU.Build.0 = Release|Any CPU
		{9744AD33-6F6C-4E1D-B846-DD484013F6CD}.Debug|Any CPU.ActiveCfg = Debug|Any CPU
		{9744AD33-6F6C-4E1D-B846-DD484013F6CD}.Debug|Any CPU.Build.0 = Debug|Any CPU
		{9744AD33-6F6C-4E1D-B846-DD484013F6CD}.Release|Any CPU.ActiveCfg = Release|Any CPU
		{9744AD33-6F6C-4E1D-B846-DD484013F6CD}.Release|Any CPU.Build.0 = Release|Any CPU
		{6B9279A4-07FD-432D-B51B-711FF333C96E}.Debug|Any CPU.ActiveCfg = Debug|Any CPU
		{6B9279A4-07FD-432D-B51B-711FF333C96E}.Debug|Any CPU.Build.0 = Debug|Any CPU
		{6B9279A4-07FD-432D-B51B-711FF333C96E}.Release|Any CPU.ActiveCfg = Release|Any CPU
		{6B9279A4-07FD-432D-B51B-711FF333C96E}.Release|Any CPU.Build.0 = Release|Any CPU
		{D688E45B-C8B3-4E67-A5FC-A0E41EF9C28B}.Debug|Any CPU.ActiveCfg = Debug|Any CPU
		{D688E45B-C8B3-4E67-A5FC-A0E41EF9C28B}.Debug|Any CPU.Build.0 = Debug|Any CPU
		{D688E45B-C8B3-4E67-A5FC-A0E41EF9C28B}.Release|Any CPU.ActiveCfg = Release|Any CPU
		{D688E45B-C8B3-4E67-A5FC-A0E41EF9C28B}.Release|Any CPU.Build.0 = Release|Any CPU
		{3ED2676B-13E1-4F5D-AC1B-2C910BFB9E76}.Debug|Any CPU.ActiveCfg = Debug|Any CPU
		{3ED2676B-13E1-4F5D-AC1B-2C910BFB9E76}.Debug|Any CPU.Build.0 = Debug|Any CPU
		{3ED2676B-13E1-4F5D-AC1B-2C910BFB9E76}.Release|Any CPU.ActiveCfg = Release|Any CPU
		{3ED2676B-13E1-4F5D-AC1B-2C910BFB9E76}.Release|Any CPU.Build.0 = Release|Any CPU
		{E5EBF8D9-9811-4AC7-A48F-3E655EC8DB54}.Debug|Any CPU.ActiveCfg = Debug|Any CPU
		{E5EBF8D9-9811-4AC7-A48F-3E655EC8DB54}.Debug|Any CPU.Build.0 = Debug|Any CPU
		{E5EBF8D9-9811-4AC7-A48F-3E655EC8DB54}.Release|Any CPU.ActiveCfg = Release|Any CPU
		{E5EBF8D9-9811-4AC7-A48F-3E655EC8DB54}.Release|Any CPU.Build.0 = Release|Any CPU
		{B5179082-7922-44A2-8BE8-E1DE345BFD14}.Debug|Any CPU.ActiveCfg = Debug|Any CPU
		{B5179082-7922-44A2-8BE8-E1DE345BFD14}.Debug|Any CPU.Build.0 = Debug|Any CPU
		{B5179082-7922-44A2-8BE8-E1DE345BFD14}.Release|Any CPU.ActiveCfg = Release|Any CPU
		{B5179082-7922-44A2-8BE8-E1DE345BFD14}.Release|Any CPU.Build.0 = Release|Any CPU
		{688C44C1-43CE-41C2-884E-67957D67593E}.Debug|Any CPU.ActiveCfg = Debug|Any CPU
		{688C44C1-43CE-41C2-884E-67957D67593E}.Debug|Any CPU.Build.0 = Debug|Any CPU
		{688C44C1-43CE-41C2-884E-67957D67593E}.Release|Any CPU.ActiveCfg = Release|Any CPU
		{688C44C1-43CE-41C2-884E-67957D67593E}.Release|Any CPU.Build.0 = Release|Any CPU
		{048540C6-EA8F-4FBA-88E8-C2363ECF14A9}.Debug|Any CPU.ActiveCfg = Debug|Any CPU
		{048540C6-EA8F-4FBA-88E8-C2363ECF14A9}.Debug|Any CPU.Build.0 = Debug|Any CPU
		{048540C6-EA8F-4FBA-88E8-C2363ECF14A9}.Release|Any CPU.ActiveCfg = Release|Any CPU
		{048540C6-EA8F-4FBA-88E8-C2363ECF14A9}.Release|Any CPU.Build.0 = Release|Any CPU
		{95D6FB32-56A2-4A05-A4A0-5D56F380D3F7}.Debug|Any CPU.ActiveCfg = Debug|Any CPU
		{95D6FB32-56A2-4A05-A4A0-5D56F380D3F7}.Debug|Any CPU.Build.0 = Debug|Any CPU
		{95D6FB32-56A2-4A05-A4A0-5D56F380D3F7}.Release|Any CPU.ActiveCfg = Release|Any CPU
		{95D6FB32-56A2-4A05-A4A0-5D56F380D3F7}.Release|Any CPU.Build.0 = Release|Any CPU
	EndGlobalSection
	GlobalSection(SolutionProperties) = preSolution
		HideSolutionNode = FALSE
	EndGlobalSection
	GlobalSection(NestedProjects) = preSolution
		{E500FDC3-FED1-478C-8415-313A46430C04} = {A6814B1B-72FF-4303-B2C7-E19B5E3E1106}
		{E3C074A0-B134-4E08-B4DF-8CA17E9BA8BE} = {A6814B1B-72FF-4303-B2C7-E19B5E3E1106}
		{3F95616F-F19B-4F6D-93B0-59A6ED09A2ED} = {B1AFB2CE-E8CF-4B1B-8C1D-F9185D4AF372}
		{9744AD33-6F6C-4E1D-B846-DD484013F6CD} = {B1AFB2CE-E8CF-4B1B-8C1D-F9185D4AF372}
		{6B9279A4-07FD-432D-B51B-711FF333C96E} = {B1AFB2CE-E8CF-4B1B-8C1D-F9185D4AF372}
		{688C44C1-43CE-41C2-884E-67957D67593E} = {80FB0533-42C1-4F38-9316-DD11B668A8A8}
		{048540C6-EA8F-4FBA-88E8-C2363ECF14A9} = {80FB0533-42C1-4F38-9316-DD11B668A8A8}
		{95D6FB32-56A2-4A05-A4A0-5D56F380D3F7} = {80FB0533-42C1-4F38-9316-DD11B668A8A8}
	EndGlobalSection
	GlobalSection(ExtensibilityGlobals) = postSolution
		SolutionGuid = {C60FAF2D-806A-41F9-83E6-A3825DD4D133}
	EndGlobalSection
EndGlobal
